// !$*UTF8*$!
{
	archiveVersion = 1;
	classes = {
	};
	objectVersion = 77;
	objects = {

/* Begin PBXBuildFile section */
		146487C12D182A5900931A37 /* GoogleSignIn in Frameworks */ = {isa = PBXBuildFile; productRef = 146487C02D182A5900931A37 /* GoogleSignIn */; };
		146487C32D182A5900931A37 /* GoogleSignInSwift in Frameworks */ = {isa = PBXBuildFile; productRef = 146487C22D182A5900931A37 /* GoogleSignInSwift */; };
		14A285732D178AEE007D6BC1 /* FirebaseAnalytics in Frameworks */ = {isa = PBXBuildFile; productRef = 14A285722D178AEE007D6BC1 /* FirebaseAnalytics */; };
		14A285752D178AEE007D6BC1 /* FirebaseAuth in Frameworks */ = {isa = PBXBuildFile; productRef = 14A285742D178AEE007D6BC1 /* FirebaseAuth */; };
		14A285772D178AEE007D6BC1 /* FirebaseCore in Frameworks */ = {isa = PBXBuildFile; productRef = 14A285762D178AEE007D6BC1 /* FirebaseCore */; };
		14A285792D178AEE007D6BC1 /* FirebaseFirestore in Frameworks */ = {isa = PBXBuildFile; productRef = 14A285782D178AEE007D6BC1 /* FirebaseFirestore */; };
		14A2857B2D178AEE007D6BC1 /* FirebaseStorage in Frameworks */ = {isa = PBXBuildFile; productRef = 14A2857A2D178AEE007D6BC1 /* FirebaseStorage */; };
/* End PBXBuildFile section */

/* Begin PBXFileReference section */
		1483A51A2D173BC5008BF2D6 /* Wazaaaaap_App.app */ = {isa = PBXFileReference; explicitFileType = wrapper.application; includeInIndex = 0; path = Wazaaaaap_App.app; sourceTree = BUILT_PRODUCTS_DIR; };
/* End PBXFileReference section */

/* Begin PBXFileSystemSynchronizedRootGroup section */
		1483A51C2D173BC5008BF2D6 /* Wazaaaaap_App */ = {
			isa = PBXFileSystemSynchronizedRootGroup;
			path = Wazaaaaap_App;
			sourceTree = "<group>";
		};
/* End PBXFileSystemSynchronizedRootGroup section */

/* Begin PBXFrameworksBuildPhase section */
		1483A5172D173BC5008BF2D6 /* Frameworks */ = {
			isa = PBXFrameworksBuildPhase;
			buildActionMask = 2147483647;
			files = (
				14A285732D178AEE007D6BC1 /* FirebaseAnalytics in Frameworks */,
				14A285792D178AEE007D6BC1 /* FirebaseFirestore in Frameworks */,
				146487C32D182A5900931A37 /* GoogleSignInSwift in Frameworks */,
				14A285772D178AEE007D6BC1 /* FirebaseCore in Frameworks */,
				14A2857B2D178AEE007D6BC1 /* FirebaseStorage in Frameworks */,
				14A285752D178AEE007D6BC1 /* FirebaseAuth in Frameworks */,
				146487C12D182A5900931A37 /* GoogleSignIn in Frameworks */,
			);
			runOnlyForDeploymentPostprocessing = 0;
		};
/* End PBXFrameworksBuildPhase section */

/* Begin PBXGroup section */
		1483A5112D173BC5008BF2D6 = {
			isa = PBXGroup;
			children = (
				1483A51C2D173BC5008BF2D6 /* Wazaaaaap_App */,
				14A285712D178AEE007D6BC1 /* Frameworks */,
				1483A51B2D173BC5008BF2D6 /* Products */,
			);
			sourceTree = "<group>";
		};
		1483A51B2D173BC5008BF2D6 /* Products */ = {
			isa = PBXGroup;
			children = (
				1483A51A2D173BC5008BF2D6 /* Wazaaaaap_App.app */,
			);
			name = Products;
			sourceTree = "<group>";
		};
		14A285712D178AEE007D6BC1 /* Frameworks */ = {
			isa = PBXGroup;
			children = (
			);
			name = Frameworks;
			sourceTree = "<group>";
		};
/* End PBXGroup section */

/* Begin PBXNativeTarget section */
		1483A5192D173BC5008BF2D6 /* Wazaaaaap_App */ = {
			isa = PBXNativeTarget;
			buildConfigurationList = 1483A5282D173BC8008BF2D6 /* Build configuration list for PBXNativeTarget "Wazaaaaap_App" */;
			buildPhases = (
				1483A5162D173BC5008BF2D6 /* Sources */,
				1483A5172D173BC5008BF2D6 /* Frameworks */,
				1483A5182D173BC5008BF2D6 /* Resources */,
			);
			buildRules = (
			);
			dependencies = (
			);
			fileSystemSynchronizedGroups = (
				1483A51C2D173BC5008BF2D6 /* Wazaaaaap_App */,
			);
			name = Wazaaaaap_App;
			packageProductDependencies = (
				14A285722D178AEE007D6BC1 /* FirebaseAnalytics */,
				14A285742D178AEE007D6BC1 /* FirebaseAuth */,
				14A285762D178AEE007D6BC1 /* FirebaseCore */,
				14A285782D178AEE007D6BC1 /* FirebaseFirestore */,
				14A2857A2D178AEE007D6BC1 /* FirebaseStorage */,
				146487C02D182A5900931A37 /* GoogleSignIn */,
				146487C22D182A5900931A37 /* GoogleSignInSwift */,
			);
			productName = Wazaaaaap_App;
			productReference = 1483A51A2D173BC5008BF2D6 /* Wazaaaaap_App.app */;
			productType = "com.apple.product-type.application";
		};
/* End PBXNativeTarget section */

/* Begin PBXProject section */
		1483A5122D173BC5008BF2D6 /* Project object */ = {
			isa = PBXProject;
			attributes = {
				BuildIndependentTargetsInParallel = 1;
				LastSwiftUpdateCheck = 1620;
				LastUpgradeCheck = 1620;
				TargetAttributes = {
					1483A5192D173BC5008BF2D6 = {
						CreatedOnToolsVersion = 16.2;
					};
				};
			};
			buildConfigurationList = 1483A5152D173BC5008BF2D6 /* Build configuration list for PBXProject "Wazaaaaap_App" */;
			developmentRegion = en;
			hasScannedForEncodings = 0;
			knownRegions = (
				en,
				Base,
			);
			mainGroup = 1483A5112D173BC5008BF2D6;
			minimizedProjectReferenceProxies = 1;
			packageReferences = (
				14A285702D178A91007D6BC1 /* XCRemoteSwiftPackageReference "firebase-ios-sdk" */,
				146487BF2D182A5900931A37 /* XCRemoteSwiftPackageReference "GoogleSignIn-iOS" */,
			);
			preferredProjectObjectVersion = 77;
			productRefGroup = 1483A51B2D173BC5008BF2D6 /* Products */;
			projectDirPath = "";
			projectRoot = "";
			targets = (
				1483A5192D173BC5008BF2D6 /* Wazaaaaap_App */,
			);
		};
/* End PBXProject section */

/* Begin PBXResourcesBuildPhase section */
		1483A5182D173BC5008BF2D6 /* Resources */ = {
			isa = PBXResourcesBuildPhase;
			buildActionMask = 2147483647;
			files = (
			);
			runOnlyForDeploymentPostprocessing = 0;
		};
/* End PBXResourcesBuildPhase section */

/* Begin PBXSourcesBuildPhase section */
		1483A5162D173BC5008BF2D6 /* Sources */ = {
			isa = PBXSourcesBuildPhase;
			buildActionMask = 2147483647;
			files = (
			);
			runOnlyForDeploymentPostprocessing = 0;
		};
/* End PBXSourcesBuildPhase section */

/* Begin XCBuildConfiguration section */
		1483A5262D173BC8008BF2D6 /* Debug */ = {
			isa = XCBuildConfiguration;
			buildSettings = {
				ALWAYS_SEARCH_USER_PATHS = NO;
				ASSETCATALOG_COMPILER_GENERATE_SWIFT_ASSET_SYMBOL_EXTENSIONS = YES;
				CLANG_ANALYZER_NONNULL = YES;
				CLANG_ANALYZER_NUMBER_OBJECT_CONVERSION = YES_AGGRESSIVE;
				CLANG_CXX_LANGUAGE_STANDARD = "gnu++20";
				CLANG_ENABLE_MODULES = YES;
				CLANG_ENABLE_OBJC_ARC = YES;
				CLANG_ENABLE_OBJC_WEAK = YES;
				CLANG_WARN_BLOCK_CAPTURE_AUTORELEASING = YES;
				CLANG_WARN_BOOL_CONVERSION = YES;
				CLANG_WARN_COMMA = YES;
				CLANG_WARN_CONSTANT_CONVERSION = YES;
				CLANG_WARN_DEPRECATED_OBJC_IMPLEMENTATIONS = YES;
				CLANG_WARN_DIRECT_OBJC_ISA_USAGE = YES_ERROR;
				CLANG_WARN_DOCUMENTATION_COMMENTS = YES;
				CLANG_WARN_EMPTY_BODY = YES;
				CLANG_WARN_ENUM_CONVERSION = YES;
				CLANG_WARN_INFINITE_RECURSION = YES;
				CLANG_WARN_INT_CONVERSION = YES;
				CLANG_WARN_NON_LITERAL_NULL_CONVERSION = YES;
				CLANG_WARN_OBJC_IMPLICIT_RETAIN_SELF = YES;
				CLANG_WARN_OBJC_LITERAL_CONVERSION = YES;
				CLANG_WARN_OBJC_ROOT_CLASS = YES_ERROR;
				CLANG_WARN_QUOTED_INCLUDE_IN_FRAMEWORK_HEADER = YES;
				CLANG_WARN_RANGE_LOOP_ANALYSIS = YES;
				CLANG_WARN_STRICT_PROTOTYPES = YES;
				CLANG_WARN_SUSPICIOUS_MOVE = YES;
				CLANG_WARN_UNGUARDED_AVAILABILITY = YES_AGGRESSIVE;
				CLANG_WARN_UNREACHABLE_CODE = YES;
				CLANG_WARN__DUPLICATE_METHOD_MATCH = YES;
				COPY_PHASE_STRIP = NO;
				DEBUG_INFORMATION_FORMAT = dwarf;
				ENABLE_STRICT_OBJC_MSGSEND = YES;
				ENABLE_TESTABILITY = YES;
				ENABLE_USER_SCRIPT_SANDBOXING = YES;
				GCC_C_LANGUAGE_STANDARD = gnu17;
				GCC_DYNAMIC_NO_PIC = NO;
				GCC_NO_COMMON_BLOCKS = YES;
				GCC_OPTIMIZATION_LEVEL = 0;
				GCC_PREPROCESSOR_DEFINITIONS = (
					"DEBUG=1",
					"$(inherited)",
				);
				GCC_WARN_64_TO_32_BIT_CONVERSION = YES;
				GCC_WARN_ABOUT_RETURN_TYPE = YES_ERROR;
				GCC_WARN_UNDECLARED_SELECTOR = YES;
				GCC_WARN_UNINITIALIZED_AUTOS = YES_AGGRESSIVE;
				GCC_WARN_UNUSED_FUNCTION = YES;
				GCC_WARN_UNUSED_VARIABLE = YES;
				IPHONEOS_DEPLOYMENT_TARGET = 18.2;
				LOCALIZATION_PREFERS_STRING_CATALOGS = YES;
				MTL_ENABLE_DEBUG_INFO = INCLUDE_SOURCE;
				MTL_FAST_MATH = YES;
				ONLY_ACTIVE_ARCH = YES;
				SDKROOT = iphoneos;
				SWIFT_ACTIVE_COMPILATION_CONDITIONS = "DEBUG $(inherited)";
				SWIFT_OPTIMIZATION_LEVEL = "-Onone";
			};
			name = Debug;
		};
		1483A5272D173BC8008BF2D6 /* Release */ = {
			isa = XCBuildConfiguration;
			buildSettings = {
				ALWAYS_SEARCH_USER_PATHS = NO;
				ASSETCATALOG_COMPILER_GENERATE_SWIFT_ASSET_SYMBOL_EXTENSIONS = YES;
				CLANG_ANALYZER_NONNULL = YES;
				CLANG_ANALYZER_NUMBER_OBJECT_CONVERSION = YES_AGGRESSIVE;
				CLANG_CXX_LANGUAGE_STANDARD = "gnu++20";
				CLANG_ENABLE_MODULES = YES;
				CLANG_ENABLE_OBJC_ARC = YES;
				CLANG_ENABLE_OBJC_WEAK = YES;
				CLANG_WARN_BLOCK_CAPTURE_AUTORELEASING = YES;
				CLANG_WARN_BOOL_CONVERSION = YES;
				CLANG_WARN_COMMA = YES;
				CLANG_WARN_CONSTANT_CONVERSION = YES;
				CLANG_WARN_DEPRECATED_OBJC_IMPLEMENTATIONS = YES;
				CLANG_WARN_DIRECT_OBJC_ISA_USAGE = YES_ERROR;
				CLANG_WARN_DOCUMENTATION_COMMENTS = YES;
				CLANG_WARN_EMPTY_BODY = YES;
				CLANG_WARN_ENUM_CONVERSION = YES;
				CLANG_WARN_INFINITE_RECURSION = YES;
				CLANG_WARN_INT_CONVERSION = YES;
				CLANG_WARN_NON_LITERAL_NULL_CONVERSION = YES;
				CLANG_WARN_OBJC_IMPLICIT_RETAIN_SELF = YES;
				CLANG_WARN_OBJC_LITERAL_CONVERSION = YES;
				CLANG_WARN_OBJC_ROOT_CLASS = YES_ERROR;
				CLANG_WARN_QUOTED_INCLUDE_IN_FRAMEWORK_HEADER = YES;
				CLANG_WARN_RANGE_LOOP_ANALYSIS = YES;
				CLANG_WARN_STRICT_PROTOTYPES = YES;
				CLANG_WARN_SUSPICIOUS_MOVE = YES;
				CLANG_WARN_UNGUARDED_AVAILABILITY = YES_AGGRESSIVE;
				CLANG_WARN_UNREACHABLE_CODE = YES;
				CLANG_WARN__DUPLICATE_METHOD_MATCH = YES;
				COPY_PHASE_STRIP = NO;
				DEBUG_INFORMATION_FORMAT = "dwarf-with-dsym";
				ENABLE_NS_ASSERTIONS = NO;
				ENABLE_STRICT_OBJC_MSGSEND = YES;
				ENABLE_USER_SCRIPT_SANDBOXING = YES;
				GCC_C_LANGUAGE_STANDARD = gnu17;
				GCC_NO_COMMON_BLOCKS = YES;
				GCC_WARN_64_TO_32_BIT_CONVERSION = YES;
				GCC_WARN_ABOUT_RETURN_TYPE = YES_ERROR;
				GCC_WARN_UNDECLARED_SELECTOR = YES;
				GCC_WARN_UNINITIALIZED_AUTOS = YES_AGGRESSIVE;
				GCC_WARN_UNUSED_FUNCTION = YES;
				GCC_WARN_UNUSED_VARIABLE = YES;
				IPHONEOS_DEPLOYMENT_TARGET = 18.2;
				LOCALIZATION_PREFERS_STRING_CATALOGS = YES;
				MTL_ENABLE_DEBUG_INFO = NO;
				MTL_FAST_MATH = YES;
				SDKROOT = iphoneos;
				SWIFT_COMPILATION_MODE = wholemodule;
				VALIDATE_PRODUCT = YES;
			};
			name = Release;
		};
		1483A5292D173BC8008BF2D6 /* Debug */ = {
			isa = XCBuildConfiguration;
			buildSettings = {
				ASSETCATALOG_COMPILER_APPICON_NAME = AppIcon;
				ASSETCATALOG_COMPILER_GLOBAL_ACCENT_COLOR_NAME = AccentColor;
				CODE_SIGN_STYLE = Automatic;
				CURRENT_PROJECT_VERSION = 1;
				DEVELOPMENT_ASSET_PATHS = "\"Wazaaaaap_App/Preview Content\"";
				DEVELOPMENT_TEAM = BWM868S4PF;
				ENABLE_PREVIEWS = YES;
				GENERATE_INFOPLIST_FILE = YES;
				INFOPLIST_FILE = "Wazaaaaap-App-Info.plist";
				INFOPLIST_KEY_UIApplicationSceneManifest_Generation = YES;
				INFOPLIST_KEY_UIApplicationSupportsIndirectInputEvents = YES;
				INFOPLIST_KEY_UILaunchScreen_Generation = YES;
				INFOPLIST_KEY_UISupportedInterfaceOrientations_iPad = "UIInterfaceOrientationPortrait UIInterfaceOrientationPortraitUpsideDown UIInterfaceOrientationLandscapeLeft UIInterfaceOrientationLandscapeRight";
				INFOPLIST_KEY_UISupportedInterfaceOrientations_iPhone = "UIInterfaceOrientationPortrait UIInterfaceOrientationLandscapeLeft UIInterfaceOrientationLandscapeRight";
				LD_RUNPATH_SEARCH_PATHS = (
					"$(inherited)",
					"@executable_path/Frameworks",
				);
				MARKETING_VERSION = 1.0;
				PRODUCT_BUNDLE_IDENTIFIER = "com.Xcode-Demo.Wazaaaaap-App";
				PRODUCT_NAME = "$(TARGET_NAME)";
				SWIFT_EMIT_LOC_STRINGS = YES;
				SWIFT_VERSION = 5.0;
				TARGETED_DEVICE_FAMILY = "1,2";
			};
			name = Debug;
		};
		1483A52A2D173BC8008BF2D6 /* Release */ = {
			isa = XCBuildConfiguration;
			buildSettings = {
				ASSETCATALOG_COMPILER_APPICON_NAME = AppIcon;
				ASSETCATALOG_COMPILER_GLOBAL_ACCENT_COLOR_NAME = AccentColor;
				CODE_SIGN_STYLE = Automatic;
				CURRENT_PROJECT_VERSION = 1;
				DEVELOPMENT_ASSET_PATHS = "\"Wazaaaaap_App/Preview Content\"";
				DEVELOPMENT_TEAM = BWM868S4PF;
				ENABLE_PREVIEWS = YES;
				GENERATE_INFOPLIST_FILE = YES;
				INFOPLIST_FILE = "Wazaaaaap-App-Info.plist";
				INFOPLIST_KEY_UIApplicationSceneManifest_Generation = YES;
				INFOPLIST_KEY_UIApplicationSupportsIndirectInputEvents = YES;
				INFOPLIST_KEY_UILaunchScreen_Generation = YES;
				INFOPLIST_KEY_UISupportedInterfaceOrientations_iPad = "UIInterfaceOrientationPortrait UIInterfaceOrientationPortraitUpsideDown UIInterfaceOrientationLandscapeLeft UIInterfaceOrientationLandscapeRight";
				INFOPLIST_KEY_UISupportedInterfaceOrientations_iPhone = "UIInterfaceOrientationPortrait UIInterfaceOrientationLandscapeLeft UIInterfaceOrientationLandscapeRight";
				LD_RUNPATH_SEARCH_PATHS = (
					"$(inherited)",
					"@executable_path/Frameworks",
				);
				MARKETING_VERSION = 1.0;
				PRODUCT_BUNDLE_IDENTIFIER = "com.Xcode-Demo.Wazaaaaap-App";
				PRODUCT_NAME = "$(TARGET_NAME)";
				SWIFT_EMIT_LOC_STRINGS = YES;
				SWIFT_VERSION = 5.0;
				TARGETED_DEVICE_FAMILY = "1,2";
			};
			name = Release;
		};
/* End XCBuildConfiguration section */

/* Begin XCConfigurationList section */
		1483A5152D173BC5008BF2D6 /* Build configuration list for PBXProject "Wazaaaaap_App" */ = {
			isa = XCConfigurationList;
			buildConfigurations = (
				1483A5262D173BC8008BF2D6 /* Debug */,
				1483A5272D173BC8008BF2D6 /* Release */,
			);
			defaultConfigurationIsVisible = 0;
			defaultConfigurationName = Release;
		};
		1483A5282D173BC8008BF2D6 /* Build configuration list for PBXNativeTarget "Wazaaaaap_App" */ = {
			isa = XCConfigurationList;
			buildConfigurations = (
				1483A5292D173BC8008BF2D6 /* Debug */,
				1483A52A2D173BC8008BF2D6 /* Release */,
			);
			defaultConfigurationIsVisible = 0;
			defaultConfigurationName = Release;
		};
/* End XCConfigurationList section */

/* Begin XCRemoteSwiftPackageReference section */
		146487BF2D182A5900931A37 /* XCRemoteSwiftPackageReference "GoogleSignIn-iOS" */ = {
			isa = XCRemoteSwiftPackageReference;
			repositoryURL = "https://github.com/google/GoogleSignIn-iOS";
			requirement = {
				kind = upToNextMajorVersion;
				minimumVersion = 8.0.0;
			};
		};
		14A285702D178A91007D6BC1 /* XCRemoteSwiftPackageReference "firebase-ios-sdk" */ = {
			isa = XCRemoteSwiftPackageReference;
			repositoryURL = "https://github.com/firebase/firebase-ios-sdk";
			requirement = {
				kind = upToNextMajorVersion;
				minimumVersion = 11.6.0;
			};
		};
/* End XCRemoteSwiftPackageReference section */

/* Begin XCSwiftPackageProductDependency section */
		146487C02D182A5900931A37 /* GoogleSignIn */ = {
			isa = XCSwiftPackageProductDependency;
			package = 146487BF2D182A5900931A37 /* XCRemoteSwiftPackageReference "GoogleSignIn-iOS" */;
			productName = GoogleSignIn;
		};
		146487C22D182A5900931A37 /* GoogleSignInSwift */ = {
			isa = XCSwiftPackageProductDependency;
			package = 146487BF2D182A5900931A37 /* XCRemoteSwiftPackageReference "GoogleSignIn-iOS" */;
			productName = GoogleSignInSwift;
		};
		14A285722D178AEE007D6BC1 /* FirebaseAnalytics */ = {
			isa = XCSwiftPackageProductDependency;
			package = 14A285702D178A91007D6BC1 /* XCRemoteSwiftPackageReference "firebase-ios-sdk" */;
			productName = FirebaseAnalytics;
		};
		14A285742D178AEE007D6BC1 /* FirebaseAuth */ = {
			isa = XCSwiftPackageProductDependency;
			package = 14A285702D178A91007D6BC1 /* XCRemoteSwiftPackageReference "firebase-ios-sdk" */;
			productName = FirebaseAuth;
		};
		14A285762D178AEE007D6BC1 /* FirebaseCore */ = {
			isa = XCSwiftPackageProductDependency;
			package = 14A285702D178A91007D6BC1 /* XCRemoteSwiftPackageReference "firebase-ios-sdk" */;
			productName = FirebaseCore;
		};
		14A285782D178AEE007D6BC1 /* FirebaseFirestore */ = {
			isa = XCSwiftPackageProductDependency;
			package = 14A285702D178A91007D6BC1 /* XCRemoteSwiftPackageReference "firebase-ios-sdk" */;
			productName = FirebaseFirestore;
		};
		14A2857A2D178AEE007D6BC1 /* FirebaseStorage */ = {
			isa = XCSwiftPackageProductDependency;
			package = 14A285702D178A91007D6BC1 /* XCRemoteSwiftPackageReference "firebase-ios-sdk" */;
			productName = FirebaseStorage;
		};
/* End XCSwiftPackageProductDependency section */
	};
	rootObject = 1483A5122D173BC5008BF2D6 /* Project object */;
}
